// !$*UTF8*$!
{
	archiveVersion = 1;
	classes = {
	};
	objectVersion = 56;
	objects = {

/* Begin PBXBuildFile section */
		A635132428E87F6900B55566 /* AppDelegate.swift in Sources */ = {isa = PBXBuildFile; fileRef = A635132328E87F6900B55566 /* AppDelegate.swift */; };
		A635132628E87F6900B55566 /* SceneDelegate.swift in Sources */ = {isa = PBXBuildFile; fileRef = A635132528E87F6900B55566 /* SceneDelegate.swift */; };
		A635132828E87F6900B55566 /* SplitVC.swift in Sources */ = {isa = PBXBuildFile; fileRef = A635132728E87F6900B55566 /* SplitVC.swift */; };
		A635132B28E87F6900B55566 /* Main.storyboard in Resources */ = {isa = PBXBuildFile; fileRef = A635132928E87F6900B55566 /* Main.storyboard */; };
		A635132D28E87F6A00B55566 /* Assets.xcassets in Resources */ = {isa = PBXBuildFile; fileRef = A635132C28E87F6A00B55566 /* Assets.xcassets */; };
		A635133028E87F6A00B55566 /* LaunchScreen.storyboard in Resources */ = {isa = PBXBuildFile; fileRef = A635132E28E87F6A00B55566 /* LaunchScreen.storyboard */; };
		A635134628E88CB700B55566 /* Networking in Frameworks */ = {isa = PBXBuildFile; productRef = A635134528E88CB700B55566 /* Networking */; };
		A635134828E88DD400B55566 /* Category.swift in Sources */ = {isa = PBXBuildFile; fileRef = A635134728E88DD400B55566 /* Category.swift */; };
		A64980DB28E9E63800A7FA8A /* Set+Extension.swift in Sources */ = {isa = PBXBuildFile; fileRef = A64980DA28E9E63800A7FA8A /* Set+Extension.swift */; };
		A64980DD28E9E76600A7FA8A /* RichLinkCell.swift in Sources */ = {isa = PBXBuildFile; fileRef = A64980DC28E9E76600A7FA8A /* RichLinkCell.swift */; };
		A64980DF28E9FAE000A7FA8A /* UserDefaultCodable.swift in Sources */ = {isa = PBXBuildFile; fileRef = A64980DE28E9FAE000A7FA8A /* UserDefaultCodable.swift */; };
		A64980E128E9FAEE00A7FA8A /* PersistenceManager.swift in Sources */ = {isa = PBXBuildFile; fileRef = A64980E028E9FAEE00A7FA8A /* PersistenceManager.swift */; };
		A64980E328E9FB0700A7FA8A /* UserDefaults+Extension.swift in Sources */ = {isa = PBXBuildFile; fileRef = A64980E228E9FB0700A7FA8A /* UserDefaults+Extension.swift */; };
		A64980E528EA0E5600A7FA8A /* EmptyPlaceholderView.swift in Sources */ = {isa = PBXBuildFile; fileRef = A64980E428EA0E5600A7FA8A /* EmptyPlaceholderView.swift */; };
		A64980E728EA128500A7FA8A /* SelectCategoryVC.swift in Sources */ = {isa = PBXBuildFile; fileRef = A64980E628EA128500A7FA8A /* SelectCategoryVC.swift */; };
		A64980E928EA1EB700A7FA8A /* MealHeaderCell.swift in Sources */ = {isa = PBXBuildFile; fileRef = A64980E828EA1EB700A7FA8A /* MealHeaderCell.swift */; };
		A680959128E9DEF600217315 /* UIKitPreviewers.swift in Sources */ = {isa = PBXBuildFile; fileRef = A680959028E9DEF600217315 /* UIKitPreviewers.swift */; };
		A69752F128EA249C00FEA825 /* PaddedLabel.swift in Sources */ = {isa = PBXBuildFile; fileRef = A69752F028EA249C00FEA825 /* PaddedLabel.swift */; };
		A69752F328EA88C100FEA825 /* MealsCache.swift in Sources */ = {isa = PBXBuildFile; fileRef = A69752F228EA88C100FEA825 /* MealsCache.swift */; };
		A69752F528EA8B5500FEA825 /* TabVC.swift in Sources */ = {isa = PBXBuildFile; fileRef = A69752F428EA8B5500FEA825 /* TabVC.swift */; };
		A69752F728EA8C8100FEA825 /* CategoriesVC.swift in Sources */ = {isa = PBXBuildFile; fileRef = A69752F628EA8C8100FEA825 /* CategoriesVC.swift */; };
		A69752F928EA8F0F00FEA825 /* CategoryCell.swift in Sources */ = {isa = PBXBuildFile; fileRef = A69752F828EA8F0F00FEA825 /* CategoryCell.swift */; };
		A6CE01AE28E89B1A00EEAA10 /* SidebarVC.swift in Sources */ = {isa = PBXBuildFile; fileRef = A6CE01AD28E89B1A00EEAA10 /* SidebarVC.swift */; };
		A6CE01B128E8A3CF00EEAA10 /* UIViewController+Extension.swift in Sources */ = {isa = PBXBuildFile; fileRef = A6CE01B028E8A3CF00EEAA10 /* UIViewController+Extension.swift */; };
		A6CE01B328E8A50000EEAA10 /* YummySpinner.swift in Sources */ = {isa = PBXBuildFile; fileRef = A6CE01B228E8A50000EEAA10 /* YummySpinner.swift */; };
		A6CE01B528E8A73200EEAA10 /* SidebarItem.swift in Sources */ = {isa = PBXBuildFile; fileRef = A6CE01B428E8A73200EEAA10 /* SidebarItem.swift */; };
		A6CE01BB28E8A77500EEAA10 /* MealsVC.swift in Sources */ = {isa = PBXBuildFile; fileRef = A6CE01BA28E8A77500EEAA10 /* MealsVC.swift */; };
		A6CE01BE28E8A93600EEAA10 /* categoriesResponse.json in Resources */ = {isa = PBXBuildFile; fileRef = A6CE01BD28E8A93600EEAA10 /* categoriesResponse.json */; };
		A6CE01C028E8A95A00EEAA10 /* Bundle+Extension.swift in Sources */ = {isa = PBXBuildFile; fileRef = A6CE01BF28E8A95A00EEAA10 /* Bundle+Extension.swift */; };
		A6CE01C428E8AC5C00EEAA10 /* Sequence+Extension.swift in Sources */ = {isa = PBXBuildFile; fileRef = A6CE01C328E8AC5C00EEAA10 /* Sequence+Extension.swift */; };
		A6CE01C628E8ACED00EEAA10 /* Meal.swift in Sources */ = {isa = PBXBuildFile; fileRef = A6CE01C528E8ACED00EEAA10 /* Meal.swift */; };
		A6CE01C828E8AE0700EEAA10 /* mealsResponse.json in Resources */ = {isa = PBXBuildFile; fileRef = A6CE01C728E8AE0700EEAA10 /* mealsResponse.json */; };
		A6CE01CA28E8B09700EEAA10 /* MealDetailsVC.swift in Sources */ = {isa = PBXBuildFile; fileRef = A6CE01C928E8B09700EEAA10 /* MealDetailsVC.swift */; };
		A6CE01CC28E8B30500EEAA10 /* Ingredient.swift in Sources */ = {isa = PBXBuildFile; fileRef = A6CE01CB28E8B30500EEAA10 /* Ingredient.swift */; };
		A6CE01CE28E8B60500EEAA10 /* apamBalik.json in Resources */ = {isa = PBXBuildFile; fileRef = A6CE01CD28E8B60500EEAA10 /* apamBalik.json */; };
		A6CE01D028E8C01D00EEAA10 /* Optional+Extension.swift in Sources */ = {isa = PBXBuildFile; fileRef = A6CE01CF28E8C01D00EEAA10 /* Optional+Extension.swift */; };
		A6CE01D228E8C35A00EEAA10 /* ImageCache.swift in Sources */ = {isa = PBXBuildFile; fileRef = A6CE01D128E8C35A00EEAA10 /* ImageCache.swift */; };
		A6CE01D428E8C57900EEAA10 /* MealCell.swift in Sources */ = {isa = PBXBuildFile; fileRef = A6CE01D328E8C57900EEAA10 /* MealCell.swift */; };
		A6CE01D728E8DC3300EEAA10 /* SearchVC.swift in Sources */ = {isa = PBXBuildFile; fileRef = A6CE01D628E8DC3300EEAA10 /* SearchVC.swift */; };
/* End PBXBuildFile section */

/* Begin PBXFileReference section */
		A635132028E87F6900B55566 /* Yummy Meals.app */ = {isa = PBXFileReference; explicitFileType = wrapper.application; includeInIndex = 0; path = "Yummy Meals.app"; sourceTree = BUILT_PRODUCTS_DIR; };
		A635132328E87F6900B55566 /* AppDelegate.swift */ = {isa = PBXFileReference; lastKnownFileType = sourcecode.swift; path = AppDelegate.swift; sourceTree = "<group>"; };
		A635132528E87F6900B55566 /* SceneDelegate.swift */ = {isa = PBXFileReference; lastKnownFileType = sourcecode.swift; path = SceneDelegate.swift; sourceTree = "<group>"; };
		A635132728E87F6900B55566 /* SplitVC.swift */ = {isa = PBXFileReference; lastKnownFileType = sourcecode.swift; path = SplitVC.swift; sourceTree = "<group>"; };
		A635132A28E87F6900B55566 /* Base */ = {isa = PBXFileReference; lastKnownFileType = file.storyboard; name = Base; path = Base.lproj/Main.storyboard; sourceTree = "<group>"; };
		A635132C28E87F6A00B55566 /* Assets.xcassets */ = {isa = PBXFileReference; lastKnownFileType = folder.assetcatalog; path = Assets.xcassets; sourceTree = "<group>"; };
		A635132F28E87F6A00B55566 /* Base */ = {isa = PBXFileReference; lastKnownFileType = file.storyboard; name = Base; path = Base.lproj/LaunchScreen.storyboard; sourceTree = "<group>"; };
		A635133128E87F6A00B55566 /* Info.plist */ = {isa = PBXFileReference; lastKnownFileType = text.plist.xml; path = Info.plist; sourceTree = "<group>"; };
		A635134728E88DD400B55566 /* Category.swift */ = {isa = PBXFileReference; lastKnownFileType = sourcecode.swift; path = Category.swift; sourceTree = "<group>"; };
		A64980DA28E9E63800A7FA8A /* Set+Extension.swift */ = {isa = PBXFileReference; lastKnownFileType = sourcecode.swift; path = "Set+Extension.swift"; sourceTree = "<group>"; };
		A64980DC28E9E76600A7FA8A /* RichLinkCell.swift */ = {isa = PBXFileReference; lastKnownFileType = sourcecode.swift; path = RichLinkCell.swift; sourceTree = "<group>"; };
		A64980DE28E9FAE000A7FA8A /* UserDefaultCodable.swift */ = {isa = PBXFileReference; lastKnownFileType = sourcecode.swift; path = UserDefaultCodable.swift; sourceTree = "<group>"; };
		A64980E028E9FAEE00A7FA8A /* PersistenceManager.swift */ = {isa = PBXFileReference; lastKnownFileType = sourcecode.swift; path = PersistenceManager.swift; sourceTree = "<group>"; };
		A64980E228E9FB0700A7FA8A /* UserDefaults+Extension.swift */ = {isa = PBXFileReference; lastKnownFileType = sourcecode.swift; path = "UserDefaults+Extension.swift"; sourceTree = "<group>"; };
		A64980E428EA0E5600A7FA8A /* EmptyPlaceholderView.swift */ = {isa = PBXFileReference; lastKnownFileType = sourcecode.swift; path = EmptyPlaceholderView.swift; sourceTree = "<group>"; };
		A64980E628EA128500A7FA8A /* SelectCategoryVC.swift */ = {isa = PBXFileReference; lastKnownFileType = sourcecode.swift; path = SelectCategoryVC.swift; sourceTree = "<group>"; };
		A64980E828EA1EB700A7FA8A /* MealHeaderCell.swift */ = {isa = PBXFileReference; lastKnownFileType = sourcecode.swift; path = MealHeaderCell.swift; sourceTree = "<group>"; };
		A680959028E9DEF600217315 /* UIKitPreviewers.swift */ = {isa = PBXFileReference; lastKnownFileType = sourcecode.swift; path = UIKitPreviewers.swift; sourceTree = "<group>"; };
		A69752F028EA249C00FEA825 /* PaddedLabel.swift */ = {isa = PBXFileReference; lastKnownFileType = sourcecode.swift; path = PaddedLabel.swift; sourceTree = "<group>"; };
		A69752F228EA88C100FEA825 /* MealsCache.swift */ = {isa = PBXFileReference; lastKnownFileType = sourcecode.swift; path = MealsCache.swift; sourceTree = "<group>"; };
		A69752F428EA8B5500FEA825 /* TabVC.swift */ = {isa = PBXFileReference; lastKnownFileType = sourcecode.swift; path = TabVC.swift; sourceTree = "<group>"; };
		A69752F628EA8C8100FEA825 /* CategoriesVC.swift */ = {isa = PBXFileReference; lastKnownFileType = sourcecode.swift; path = CategoriesVC.swift; sourceTree = "<group>"; };
		A69752F828EA8F0F00FEA825 /* CategoryCell.swift */ = {isa = PBXFileReference; lastKnownFileType = sourcecode.swift; path = CategoryCell.swift; sourceTree = "<group>"; };
		A6CE01AD28E89B1A00EEAA10 /* SidebarVC.swift */ = {isa = PBXFileReference; lastKnownFileType = sourcecode.swift; path = SidebarVC.swift; sourceTree = "<group>"; };
		A6CE01AF28E89BB800EEAA10 /* Networking */ = {isa = PBXFileReference; lastKnownFileType = wrapper; path = Networking; sourceTree = "<group>"; };
		A6CE01B028E8A3CF00EEAA10 /* UIViewController+Extension.swift */ = {isa = PBXFileReference; lastKnownFileType = sourcecode.swift; path = "UIViewController+Extension.swift"; sourceTree = "<group>"; };
		A6CE01B228E8A50000EEAA10 /* YummySpinner.swift */ = {isa = PBXFileReference; lastKnownFileType = sourcecode.swift; path = YummySpinner.swift; sourceTree = "<group>"; };
		A6CE01B428E8A73200EEAA10 /* SidebarItem.swift */ = {isa = PBXFileReference; lastKnownFileType = sourcecode.swift; path = SidebarItem.swift; sourceTree = "<group>"; };
		A6CE01BA28E8A77500EEAA10 /* MealsVC.swift */ = {isa = PBXFileReference; lastKnownFileType = sourcecode.swift; path = MealsVC.swift; sourceTree = "<group>"; };
		A6CE01BD28E8A93600EEAA10 /* categoriesResponse.json */ = {isa = PBXFileReference; fileEncoding = 4; lastKnownFileType = text.json; path = categoriesResponse.json; sourceTree = "<group>"; };
		A6CE01BF28E8A95A00EEAA10 /* Bundle+Extension.swift */ = {isa = PBXFileReference; lastKnownFileType = sourcecode.swift; path = "Bundle+Extension.swift"; sourceTree = "<group>"; };
		A6CE01C328E8AC5C00EEAA10 /* Sequence+Extension.swift */ = {isa = PBXFileReference; lastKnownFileType = sourcecode.swift; path = "Sequence+Extension.swift"; sourceTree = "<group>"; };
		A6CE01C528E8ACED00EEAA10 /* Meal.swift */ = {isa = PBXFileReference; lastKnownFileType = sourcecode.swift; path = Meal.swift; sourceTree = "<group>"; };
		A6CE01C728E8AE0700EEAA10 /* mealsResponse.json */ = {isa = PBXFileReference; fileEncoding = 4; lastKnownFileType = text.json; path = mealsResponse.json; sourceTree = "<group>"; };
		A6CE01C928E8B09700EEAA10 /* MealDetailsVC.swift */ = {isa = PBXFileReference; lastKnownFileType = sourcecode.swift; path = MealDetailsVC.swift; sourceTree = "<group>"; };
		A6CE01CB28E8B30500EEAA10 /* Ingredient.swift */ = {isa = PBXFileReference; lastKnownFileType = sourcecode.swift; path = Ingredient.swift; sourceTree = "<group>"; };
		A6CE01CD28E8B60500EEAA10 /* apamBalik.json */ = {isa = PBXFileReference; fileEncoding = 4; lastKnownFileType = text.json; path = apamBalik.json; sourceTree = "<group>"; };
		A6CE01CF28E8C01D00EEAA10 /* Optional+Extension.swift */ = {isa = PBXFileReference; lastKnownFileType = sourcecode.swift; path = "Optional+Extension.swift"; sourceTree = "<group>"; };
		A6CE01D128E8C35A00EEAA10 /* ImageCache.swift */ = {isa = PBXFileReference; lastKnownFileType = sourcecode.swift; path = ImageCache.swift; sourceTree = "<group>"; };
		A6CE01D328E8C57900EEAA10 /* MealCell.swift */ = {isa = PBXFileReference; lastKnownFileType = sourcecode.swift; path = MealCell.swift; sourceTree = "<group>"; };
		A6CE01D628E8DC3300EEAA10 /* SearchVC.swift */ = {isa = PBXFileReference; lastKnownFileType = sourcecode.swift; path = SearchVC.swift; sourceTree = "<group>"; };
/* End PBXFileReference section */

/* Begin PBXFrameworksBuildPhase section */
		A635131D28E87F6900B55566 /* Frameworks */ = {
			isa = PBXFrameworksBuildPhase;
			buildActionMask = 2147483647;
			files = (
				A635134628E88CB700B55566 /* Networking in Frameworks */,
			);
			runOnlyForDeploymentPostprocessing = 0;
		};
/* End PBXFrameworksBuildPhase section */

/* Begin PBXGroup section */
		A635131728E87F6900B55566 = {
			isa = PBXGroup;
			children = (
				A6CE01AF28E89BB800EEAA10 /* Networking */,
				A635132228E87F6900B55566 /* Yummy Meals */,
				A635132128E87F6900B55566 /* Products */,
				A635134428E88CB700B55566 /* Frameworks */,
			);
			sourceTree = "<group>";
		};
		A635132128E87F6900B55566 /* Products */ = {
			isa = PBXGroup;
			children = (
				A635132028E87F6900B55566 /* Yummy Meals.app */,
			);
			name = Products;
			sourceTree = "<group>";
		};
		A635132228E87F6900B55566 /* Yummy Meals */ = {
			isa = PBXGroup;
			children = (
				A6CE01D528E8C7E400EEAA10 /* Cells */,
				A6CE01B928E8A76600EEAA10 /* Misc */,
				A6CE01B828E8A76000EEAA10 /* View Controllers */,
				A6CE01B628E8A75000EEAA10 /* Views */,
				A6CE01B728E8A75500EEAA10 /* Extensions */,
				A635134928E88DD800B55566 /* Models */,
				A635132928E87F6900B55566 /* Main.storyboard */,
				A635132C28E87F6A00B55566 /* Assets.xcassets */,
				A635132E28E87F6A00B55566 /* LaunchScreen.storyboard */,
				A6CE01BC28E8A91400EEAA10 /* Preview Content */,
				A635133128E87F6A00B55566 /* Info.plist */,
				A6CE01D128E8C35A00EEAA10 /* ImageCache.swift */,
				A69752F228EA88C100FEA825 /* MealsCache.swift */,
			);
			path = "Yummy Meals";
			sourceTree = "<group>";
		};
		A635134428E88CB700B55566 /* Frameworks */ = {
			isa = PBXGroup;
			children = (
			);
			name = Frameworks;
			sourceTree = "<group>";
		};
		A635134928E88DD800B55566 /* Models */ = {
			isa = PBXGroup;
			children = (
				A635134728E88DD400B55566 /* Category.swift */,
				A6CE01B428E8A73200EEAA10 /* SidebarItem.swift */,
				A6CE01C528E8ACED00EEAA10 /* Meal.swift */,
				A6CE01CB28E8B30500EEAA10 /* Ingredient.swift */,
			);
			path = Models;
			sourceTree = "<group>";
		};
		A6CE01B628E8A75000EEAA10 /* Views */ = {
			isa = PBXGroup;
			children = (
				A6CE01B228E8A50000EEAA10 /* YummySpinner.swift */,
				A64980E428EA0E5600A7FA8A /* EmptyPlaceholderView.swift */,
				A69752F028EA249C00FEA825 /* PaddedLabel.swift */,
			);
			path = Views;
			sourceTree = "<group>";
		};
		A6CE01B728E8A75500EEAA10 /* Extensions */ = {
			isa = PBXGroup;
			children = (
				A6CE01B028E8A3CF00EEAA10 /* UIViewController+Extension.swift */,
				A6CE01BF28E8A95A00EEAA10 /* Bundle+Extension.swift */,
				A6CE01C328E8AC5C00EEAA10 /* Sequence+Extension.swift */,
				A6CE01CF28E8C01D00EEAA10 /* Optional+Extension.swift */,
				A64980DA28E9E63800A7FA8A /* Set+Extension.swift */,
				A64980E228E9FB0700A7FA8A /* UserDefaults+Extension.swift */,
			);
			path = Extensions;
			sourceTree = "<group>";
		};
		A6CE01B828E8A76000EEAA10 /* View Controllers */ = {
			isa = PBXGroup;
			children = (
				A635132728E87F6900B55566 /* SplitVC.swift */,
				A69752F428EA8B5500FEA825 /* TabVC.swift */,
				A6CE01BA28E8A77500EEAA10 /* MealsVC.swift */,
				A69752F628EA8C8100FEA825 /* CategoriesVC.swift */,
				A64980E628EA128500A7FA8A /* SelectCategoryVC.swift */,
				A6CE01C928E8B09700EEAA10 /* MealDetailsVC.swift */,
				A6CE01AD28E89B1A00EEAA10 /* SidebarVC.swift */,
				A6CE01D628E8DC3300EEAA10 /* SearchVC.swift */,
			);
			path = "View Controllers";
			sourceTree = "<group>";
		};
		A6CE01B928E8A76600EEAA10 /* Misc */ = {
			isa = PBXGroup;
			children = (
				A635132328E87F6900B55566 /* AppDelegate.swift */,
				A635132528E87F6900B55566 /* SceneDelegate.swift */,
				A680959028E9DEF600217315 /* UIKitPreviewers.swift */,
				A64980DE28E9FAE000A7FA8A /* UserDefaultCodable.swift */,
				A64980E028E9FAEE00A7FA8A /* PersistenceManager.swift */,
			);
			path = Misc;
			sourceTree = "<group>";
		};
		A6CE01BC28E8A91400EEAA10 /* Preview Content */ = {
			isa = PBXGroup;
			children = (
				A6CE01CD28E8B60500EEAA10 /* apamBalik.json */,
				A6CE01C728E8AE0700EEAA10 /* mealsResponse.json */,
				A6CE01BD28E8A93600EEAA10 /* categoriesResponse.json */,
			);
			path = "Preview Content";
			sourceTree = "<group>";
		};
		A6CE01D528E8C7E400EEAA10 /* Cells */ = {
			isa = PBXGroup;
			children = (
				A6CE01D328E8C57900EEAA10 /* MealCell.swift */,
				A69752F828EA8F0F00FEA825 /* CategoryCell.swift */,
				A64980DC28E9E76600A7FA8A /* RichLinkCell.swift */,
				A64980E828EA1EB700A7FA8A /* MealHeaderCell.swift */,
			);
			path = Cells;
			sourceTree = "<group>";
		};
/* End PBXGroup section */

/* Begin PBXNativeTarget section */
		A635131F28E87F6900B55566 /* Yummy Meals */ = {
			isa = PBXNativeTarget;
			buildConfigurationList = A635133428E87F6A00B55566 /* Build configuration list for PBXNativeTarget "Yummy Meals" */;
			buildPhases = (
				A635131C28E87F6900B55566 /* Sources */,
				A635131D28E87F6900B55566 /* Frameworks */,
				A635131E28E87F6900B55566 /* Resources */,
			);
			buildRules = (
			);
			dependencies = (
			);
			name = "Yummy Meals";
			packageProductDependencies = (
				A635134528E88CB700B55566 /* Networking */,
			);
			productName = "Yummy Meals";
			productReference = A635132028E87F6900B55566 /* Yummy Meals.app */;
			productType = "com.apple.product-type.application";
		};
/* End PBXNativeTarget section */

/* Begin PBXProject section */
		A635131828E87F6900B55566 /* Project object */ = {
			isa = PBXProject;
			attributes = {
				BuildIndependentTargetsInParallel = 1;
				LastSwiftUpdateCheck = 1400;
				LastUpgradeCheck = 1400;
				TargetAttributes = {
					A635131F28E87F6900B55566 = {
						CreatedOnToolsVersion = 14.0.1;
					};
				};
			};
			buildConfigurationList = A635131B28E87F6900B55566 /* Build configuration list for PBXProject "Yummy Meals" */;
			compatibilityVersion = "Xcode 14.0";
			developmentRegion = en;
			hasScannedForEncodings = 0;
			knownRegions = (
				en,
				Base,
			);
			mainGroup = A635131728E87F6900B55566;
			productRefGroup = A635132128E87F6900B55566 /* Products */;
			projectDirPath = "";
			projectRoot = "";
			targets = (
				A635131F28E87F6900B55566 /* Yummy Meals */,
			);
		};
/* End PBXProject section */

/* Begin PBXResourcesBuildPhase section */
		A635131E28E87F6900B55566 /* Resources */ = {
			isa = PBXResourcesBuildPhase;
			buildActionMask = 2147483647;
			files = (
				A6CE01C828E8AE0700EEAA10 /* mealsResponse.json in Resources */,
				A6CE01BE28E8A93600EEAA10 /* categoriesResponse.json in Resources */,
				A6CE01CE28E8B60500EEAA10 /* apamBalik.json in Resources */,
				A635133028E87F6A00B55566 /* LaunchScreen.storyboard in Resources */,
				A635132D28E87F6A00B55566 /* Assets.xcassets in Resources */,
				A635132B28E87F6900B55566 /* Main.storyboard in Resources */,
			);
			runOnlyForDeploymentPostprocessing = 0;
		};
/* End PBXResourcesBuildPhase section */

/* Begin PBXSourcesBuildPhase section */
		A635131C28E87F6900B55566 /* Sources */ = {
			isa = PBXSourcesBuildPhase;
			buildActionMask = 2147483647;
			files = (
				A6CE01B128E8A3CF00EEAA10 /* UIViewController+Extension.swift in Sources */,
				A64980E528EA0E5600A7FA8A /* EmptyPlaceholderView.swift in Sources */,
				A69752F328EA88C100FEA825 /* MealsCache.swift in Sources */,
				A69752F528EA8B5500FEA825 /* TabVC.swift in Sources */,
				A64980E728EA128500A7FA8A /* SelectCategoryVC.swift in Sources */,
				A6CE01C028E8A95A00EEAA10 /* Bundle+Extension.swift in Sources */,
				A6CE01D228E8C35A00EEAA10 /* ImageCache.swift in Sources */,
				A6CE01CC28E8B30500EEAA10 /* Ingredient.swift in Sources */,
				A6CE01AE28E89B1A00EEAA10 /* SidebarVC.swift in Sources */,
				A635132828E87F6900B55566 /* SplitVC.swift in Sources */,
				A6CE01C628E8ACED00EEAA10 /* Meal.swift in Sources */,
				A69752F928EA8F0F00FEA825 /* CategoryCell.swift in Sources */,
				A6CE01C428E8AC5C00EEAA10 /* Sequence+Extension.swift in Sources */,
				A6CE01D028E8C01D00EEAA10 /* Optional+Extension.swift in Sources */,
				A64980DD28E9E76600A7FA8A /* RichLinkCell.swift in Sources */,
				A6CE01BB28E8A77500EEAA10 /* MealsVC.swift in Sources */,
				A64980E128E9FAEE00A7FA8A /* PersistenceManager.swift in Sources */,
				A69752F728EA8C8100FEA825 /* CategoriesVC.swift in Sources */,
				A635132428E87F6900B55566 /* AppDelegate.swift in Sources */,
				A6CE01CA28E8B09700EEAA10 /* MealDetailsVC.swift in Sources */,
				A64980DF28E9FAE000A7FA8A /* UserDefaultCodable.swift in Sources */,
				A6CE01D728E8DC3300EEAA10 /* SearchVC.swift in Sources */,
				A69752F128EA249C00FEA825 /* PaddedLabel.swift in Sources */,
				A6CE01B528E8A73200EEAA10 /* SidebarItem.swift in Sources */,
				A6CE01B328E8A50000EEAA10 /* YummySpinner.swift in Sources */,
				A680959128E9DEF600217315 /* UIKitPreviewers.swift in Sources */,
				A6CE01D428E8C57900EEAA10 /* MealCell.swift in Sources */,
				A635132628E87F6900B55566 /* SceneDelegate.swift in Sources */,
				A64980DB28E9E63800A7FA8A /* Set+Extension.swift in Sources */,
				A64980E328E9FB0700A7FA8A /* UserDefaults+Extension.swift in Sources */,
				A64980E928EA1EB700A7FA8A /* MealHeaderCell.swift in Sources */,
				A635134828E88DD400B55566 /* Category.swift in Sources */,
			);
			runOnlyForDeploymentPostprocessing = 0;
		};
/* End PBXSourcesBuildPhase section */

/* Begin PBXVariantGroup section */
		A635132928E87F6900B55566 /* Main.storyboard */ = {
			isa = PBXVariantGroup;
			children = (
				A635132A28E87F6900B55566 /* Base */,
			);
			name = Main.storyboard;
			sourceTree = "<group>";
		};
		A635132E28E87F6A00B55566 /* LaunchScreen.storyboard */ = {
			isa = PBXVariantGroup;
			children = (
				A635132F28E87F6A00B55566 /* Base */,
			);
			name = LaunchScreen.storyboard;
			sourceTree = "<group>";
		};
/* End PBXVariantGroup section */

/* Begin XCBuildConfiguration section */
		A635133228E87F6A00B55566 /* Debug */ = {
			isa = XCBuildConfiguration;
			buildSettings = {
				ALWAYS_SEARCH_USER_PATHS = NO;
				CLANG_ANALYZER_NONNULL = YES;
				CLANG_ANALYZER_NUMBER_OBJECT_CONVERSION = YES_AGGRESSIVE;
				CLANG_CXX_LANGUAGE_STANDARD = "gnu++20";
				CLANG_ENABLE_MODULES = YES;
				CLANG_ENABLE_OBJC_ARC = YES;
				CLANG_ENABLE_OBJC_WEAK = YES;
				CLANG_WARN_BLOCK_CAPTURE_AUTORELEASING = YES;
				CLANG_WARN_BOOL_CONVERSION = YES;
				CLANG_WARN_COMMA = YES;
				CLANG_WARN_CONSTANT_CONVERSION = YES;
				CLANG_WARN_DEPRECATED_OBJC_IMPLEMENTATIONS = YES;
				CLANG_WARN_DIRECT_OBJC_ISA_USAGE = YES_ERROR;
				CLANG_WARN_DOCUMENTATION_COMMENTS = YES;
				CLANG_WARN_EMPTY_BODY = YES;
				CLANG_WARN_ENUM_CONVERSION = YES;
				CLANG_WARN_INFINITE_RECURSION = YES;
				CLANG_WARN_INT_CONVERSION = YES;
				CLANG_WARN_NON_LITERAL_NULL_CONVERSION = YES;
				CLANG_WARN_OBJC_IMPLICIT_RETAIN_SELF = YES;
				CLANG_WARN_OBJC_LITERAL_CONVERSION = YES;
				CLANG_WARN_OBJC_ROOT_CLASS = YES_ERROR;
				CLANG_WARN_QUOTED_INCLUDE_IN_FRAMEWORK_HEADER = YES;
				CLANG_WARN_RANGE_LOOP_ANALYSIS = YES;
				CLANG_WARN_STRICT_PROTOTYPES = YES;
				CLANG_WARN_SUSPICIOUS_MOVE = YES;
				CLANG_WARN_UNGUARDED_AVAILABILITY = YES_AGGRESSIVE;
				CLANG_WARN_UNREACHABLE_CODE = YES;
				CLANG_WARN__DUPLICATE_METHOD_MATCH = YES;
				COPY_PHASE_STRIP = NO;
				DEBUG_INFORMATION_FORMAT = dwarf;
				ENABLE_STRICT_OBJC_MSGSEND = YES;
				ENABLE_TESTABILITY = YES;
				GCC_C_LANGUAGE_STANDARD = gnu11;
				GCC_DYNAMIC_NO_PIC = NO;
				GCC_NO_COMMON_BLOCKS = YES;
				GCC_OPTIMIZATION_LEVEL = 0;
				GCC_PREPROCESSOR_DEFINITIONS = (
					"DEBUG=1",
					"$(inherited)",
				);
				GCC_WARN_64_TO_32_BIT_CONVERSION = YES;
				GCC_WARN_ABOUT_RETURN_TYPE = YES_ERROR;
				GCC_WARN_UNDECLARED_SELECTOR = YES;
				GCC_WARN_UNINITIALIZED_AUTOS = YES_AGGRESSIVE;
				GCC_WARN_UNUSED_FUNCTION = YES;
				GCC_WARN_UNUSED_VARIABLE = YES;
				IPHONEOS_DEPLOYMENT_TARGET = 16.0;
				MTL_ENABLE_DEBUG_INFO = INCLUDE_SOURCE;
				MTL_FAST_MATH = YES;
				ONLY_ACTIVE_ARCH = YES;
				SDKROOT = iphoneos;
				SWIFT_ACTIVE_COMPILATION_CONDITIONS = DEBUG;
				SWIFT_OPTIMIZATION_LEVEL = "-Onone";
			};
			name = Debug;
		};
		A635133328E87F6A00B55566 /* Release */ = {
			isa = XCBuildConfiguration;
			buildSettings = {
				ALWAYS_SEARCH_USER_PATHS = NO;
				CLANG_ANALYZER_NONNULL = YES;
				CLANG_ANALYZER_NUMBER_OBJECT_CONVERSION = YES_AGGRESSIVE;
				CLANG_CXX_LANGUAGE_STANDARD = "gnu++20";
				CLANG_ENABLE_MODULES = YES;
				CLANG_ENABLE_OBJC_ARC = YES;
				CLANG_ENABLE_OBJC_WEAK = YES;
				CLANG_WARN_BLOCK_CAPTURE_AUTORELEASING = YES;
				CLANG_WARN_BOOL_CONVERSION = YES;
				CLANG_WARN_COMMA = YES;
				CLANG_WARN_CONSTANT_CONVERSION = YES;
				CLANG_WARN_DEPRECATED_OBJC_IMPLEMENTATIONS = YES;
				CLANG_WARN_DIRECT_OBJC_ISA_USAGE = YES_ERROR;
				CLANG_WARN_DOCUMENTATION_COMMENTS = YES;
				CLANG_WARN_EMPTY_BODY = YES;
				CLANG_WARN_ENUM_CONVERSION = YES;
				CLANG_WARN_INFINITE_RECURSION = YES;
				CLANG_WARN_INT_CONVERSION = YES;
				CLANG_WARN_NON_LITERAL_NULL_CONVERSION = YES;
				CLANG_WARN_OBJC_IMPLICIT_RETAIN_SELF = YES;
				CLANG_WARN_OBJC_LITERAL_CONVERSION = YES;
				CLANG_WARN_OBJC_ROOT_CLASS = YES_ERROR;
				CLANG_WARN_QUOTED_INCLUDE_IN_FRAMEWORK_HEADER = YES;
				CLANG_WARN_RANGE_LOOP_ANALYSIS = YES;
				CLANG_WARN_STRICT_PROTOTYPES = YES;
				CLANG_WARN_SUSPICIOUS_MOVE = YES;
				CLANG_WARN_UNGUARDED_AVAILABILITY = YES_AGGRESSIVE;
				CLANG_WARN_UNREACHABLE_CODE = YES;
				CLANG_WARN__DUPLICATE_METHOD_MATCH = YES;
				COPY_PHASE_STRIP = NO;
				DEBUG_INFORMATION_FORMAT = "dwarf-with-dsym";
				ENABLE_NS_ASSERTIONS = NO;
				ENABLE_STRICT_OBJC_MSGSEND = YES;
				GCC_C_LANGUAGE_STANDARD = gnu11;
				GCC_NO_COMMON_BLOCKS = YES;
				GCC_WARN_64_TO_32_BIT_CONVERSION = YES;
				GCC_WARN_ABOUT_RETURN_TYPE = YES_ERROR;
				GCC_WARN_UNDECLARED_SELECTOR = YES;
				GCC_WARN_UNINITIALIZED_AUTOS = YES_AGGRESSIVE;
				GCC_WARN_UNUSED_FUNCTION = YES;
				GCC_WARN_UNUSED_VARIABLE = YES;
				IPHONEOS_DEPLOYMENT_TARGET = 16.0;
				MTL_ENABLE_DEBUG_INFO = NO;
				MTL_FAST_MATH = YES;
				SDKROOT = iphoneos;
				SWIFT_COMPILATION_MODE = wholemodule;
				SWIFT_OPTIMIZATION_LEVEL = "-O";
				VALIDATE_PRODUCT = YES;
			};
			name = Release;
		};
		A635133528E87F6A00B55566 /* Debug */ = {
			isa = XCBuildConfiguration;
			buildSettings = {
				ASSETCATALOG_COMPILER_APPICON_NAME = AppIcon;
				ASSETCATALOG_COMPILER_GLOBAL_ACCENT_COLOR_NAME = AccentColor;
				CODE_SIGN_STYLE = Automatic;
				CURRENT_PROJECT_VERSION = 1;
				DEVELOPMENT_ASSET_PATHS = "Yummy\\ Meals/Preview\\ Content";
				DEVELOPMENT_TEAM = SBS8ZBXB9U;
				GENERATE_INFOPLIST_FILE = YES;
				INFOPLIST_FILE = "Yummy Meals/Info.plist";
				INFOPLIST_KEY_UIApplicationSupportsIndirectInputEvents = YES;
				INFOPLIST_KEY_UILaunchStoryboardName = LaunchScreen;
				INFOPLIST_KEY_UIMainStoryboardFile = Main;
				INFOPLIST_KEY_UISupportedInterfaceOrientations_iPad = "UIInterfaceOrientationPortrait UIInterfaceOrientationPortraitUpsideDown UIInterfaceOrientationLandscapeLeft UIInterfaceOrientationLandscapeRight";
				INFOPLIST_KEY_UISupportedInterfaceOrientations_iPhone = "UIInterfaceOrientationPortrait UIInterfaceOrientationLandscapeLeft UIInterfaceOrientationLandscapeRight";
				IPHONEOS_DEPLOYMENT_TARGET = 15.0;
				LD_RUNPATH_SEARCH_PATHS = (
					"$(inherited)",
					"@executable_path/Frameworks",
				);
				MARKETING_VERSION = 1.0;
				PRODUCT_BUNDLE_IDENTIFIER = "com.buildinginbinary.Yummy-Meals";
				PRODUCT_NAME = "$(TARGET_NAME)";
				SWIFT_EMIT_LOC_STRINGS = YES;
				SWIFT_VERSION = 5.0;
				TARGETED_DEVICE_FAMILY = "1,2";
			};
			name = Debug;
		};
		A635133628E87F6A00B55566 /* Release */ = {
			isa = XCBuildConfiguration;
			buildSettings = {
				ASSETCATALOG_COMPILER_APPICON_NAME = AppIcon;
				ASSETCATALOG_COMPILER_GLOBAL_ACCENT_COLOR_NAME = AccentColor;
				CODE_SIGN_STYLE = Automatic;
				CURRENT_PROJECT_VERSION = 1;
				DEVELOPMENT_ASSET_PATHS = "Yummy\\ Meals/Preview\\ Content";
				DEVELOPMENT_TEAM = SBS8ZBXB9U;
				GENERATE_INFOPLIST_FILE = YES;
				INFOPLIST_FILE = "Yummy Meals/Info.plist";
				INFOPLIST_KEY_UIApplicationSupportsIndirectInputEvents = YES;
				INFOPLIST_KEY_UILaunchStoryboardName = LaunchScreen;
				INFOPLIST_KEY_UIMainStoryboardFile = Main;
				INFOPLIST_KEY_UISupportedInterfaceOrientations_iPad = "UIInterfaceOrientationPortrait UIInterfaceOrientationPortraitUpsideDown UIInterfaceOrientationLandscapeLeft UIInterfaceOrientationLandscapeRight";
				INFOPLIST_KEY_UISupportedInterfaceOrientations_iPhone = "UIInterfaceOrientationPortrait UIInterfaceOrientationLandscapeLeft UIInterfaceOrientationLandscapeRight";
				IPHONEOS_DEPLOYMENT_TARGET = 15.0;
				LD_RUNPATH_SEARCH_PATHS = (
					"$(inherited)",
					"@executable_path/Frameworks",
				);
				MARKETING_VERSION = 1.0;
				PRODUCT_BUNDLE_IDENTIFIER = "com.buildinginbinary.Yummy-Meals";
				PRODUCT_NAME = "$(TARGET_NAME)";
				SWIFT_EMIT_LOC_STRINGS = YES;
				SWIFT_VERSION = 5.0;
				TARGETED_DEVICE_FAMILY = "1,2";
			};
			name = Release;
		};
/* End XCBuildConfiguration section */

/* Begin XCConfigurationList section */
		A635131B28E87F6900B55566 /* Build configuration list for PBXProject "Yummy Meals" */ = {
			isa = XCConfigurationList;
			buildConfigurations = (
				A635133228E87F6A00B55566 /* Debug */,
				A635133328E87F6A00B55566 /* Release */,
			);
			defaultConfigurationIsVisible = 0;
			defaultConfigurationName = Release;
		};
		A635133428E87F6A00B55566 /* Build configuration list for PBXNativeTarget "Yummy Meals" */ = {
			isa = XCConfigurationList;
			buildConfigurations = (
				A635133528E87F6A00B55566 /* Debug */,
				A635133628E87F6A00B55566 /* Release */,
			);
			defaultConfigurationIsVisible = 0;
			defaultConfigurationName = Release;
		};
/* End XCConfigurationList section */

/* Begin XCSwiftPackageProductDependency section */
		A635134528E88CB700B55566 /* Networking */ = {
			isa = XCSwiftPackageProductDependency;
			productName = Networking;
		};
/* End XCSwiftPackageProductDependency section */
	};
	rootObject = A635131828E87F6900B55566 /* Project object */;
}
